
Microsoft Visual Studio Solution File, Format Version 12.00
# Visual Studio Version 17
VisualStudioVersion = 17.5.33103.201
MinimumVisualStudioVersion = 10.0.40219.1
Project("{9A19103F-16F7-4668-BE54-9A1E7A4F7556}") = "FunctionAppMoedas", "FunctionAppMoedas.csproj", "{843512AC-D840-43F6-941F-53A54FF52A00}"
EndProject
Global
	GlobalSection(SolutionConfigurationPlatforms) = preSolution
		Debug|Any CPU = Debug|Any CPU
		Release|Any CPU = Release|Any CPU
	EndGlobalSection
	GlobalSection(ProjectConfigurationPlatforms) = postSolution
		{843512AC-D840-43F6-941F-53A54FF52A00}.Debug|Any CPU.ActiveCfg = Debug|Any CPU
		{843512AC-D840-43F6-941F-53A54FF52A00}.Debug|Any CPU.Build.0 = Debug|Any CPU
		{843512AC-D840-43F6-941F-53A54FF52A00}.Release|Any CPU.ActiveCfg = Release|Any CPU
		{843512AC-D840-43F6-941F-53A54FF52A00}.Release|Any CPU.Build.0 = Release|Any CPU
	EndGlobalSection
	GlobalSection(SolutionProperties) = preSolution
		HideSolutionNode = FALSE
	EndGlobalSection
	GlobalSection(ExtensibilityGlobals) = postSolution
		SolutionGuid = {5AD9D46F-14DA-4CA8-85A8-F525FDC97210}
	EndGlobalSection
EndGlobal
